
Microsoft Visual Studio Solution File, Format Version 12.00
# Visual Studio 15
VisualStudioVersion = 15.0.27130.2024
MinimumVisualStudioVersion = 10.0.40219.1
Project("{FAE04EC0-301F-11D3-BF4B-00C04F79EFBC}") = "0810", "0810\0810.csproj", "{92E3F35F-A827-4EE4-B78C-5906DB4CC1AE}"
EndProject
Global
	GlobalSection(SolutionConfigurationPlatforms) = preSolution
		Debug|Any CPU = Debug|Any CPU
		Release|Any CPU = Release|Any CPU
	EndGlobalSection
	GlobalSection(ProjectConfigurationPlatforms) = postSolution
		{92E3F35F-A827-4EE4-B78C-5906DB4CC1AE}.Debug|Any CPU.ActiveCfg = Debug|Any CPU
		{92E3F35F-A827-4EE4-B78C-5906DB4CC1AE}.Debug|Any CPU.Build.0 = Debug|Any CPU
		{92E3F35F-A827-4EE4-B78C-5906DB4CC1AE}.Release|Any CPU.ActiveCfg = Release|Any CPU
		{92E3F35F-A827-4EE4-B78C-5906DB4CC1AE}.Release|Any CPU.Build.0 = Release|Any CPU
	EndGlobalSection
	GlobalSection(SolutionProperties) = preSolution
		HideSolutionNode = FALSE
	EndGlobalSection
	GlobalSection(ExtensibilityGlobals) = postSolution
		SolutionGuid = {45C9CF7C-6841-4BC5-BAB0-18D8D0F3A3EF}
	EndGlobalSection
EndGlobal
